
Microsoft Visual Studio Solution File, Format Version 12.00
# Visual Studio 15
VisualStudioVersion = 15.0.26124.0
MinimumVisualStudioVersion = 15.0.26124.0
Project("{2150E333-8FDC-42A3-9474-1A3956D46DE8}") = "src", "src", "{677D926E-1470-4EB5-8D7E-FE4224DF66A7}"
EndProject
Project("{FAE04EC0-301F-11D3-BF4B-00C04F79EFBC}") = "LinqIntro", "src\LinqIntro\LinqIntro.csproj", "{D5672E4C-16BF-4684-B193-4A6F153BC1D5}"
EndProject
Project("{2150E333-8FDC-42A3-9474-1A3956D46DE8}") = "test", "test", "{80DA00D4-FAB0-4E9E-B34D-0345E832B35C}"
EndProject
Project("{FAE04EC0-301F-11D3-BF4B-00C04F79EFBC}") = "LinqIntro.Tests", "test\LinqIntro.Tests\LinqIntro.Tests.csproj", "{6F751DD0-30F5-4D65-B25B-4FC46B04D6C2}"
EndProject
Project("{FAE04EC0-301F-11D3-BF4B-00C04F79EFBC}") = "Features", "src\Features\Features.csproj", "{875F056F-72EF-4A47-B746-4C19B421CC40}"
EndProject
Project("{FAE04EC0-301F-11D3-BF4B-00C04F79EFBC}") = "Features.Tests", "test\Features.Tests\Features.Tests.csproj", "{31BA1711-A498-40A6-8EBB-9841DD10C0A5}"
EndProject
Project("{FAE04EC0-301F-11D3-BF4B-00C04F79EFBC}") = "Queries", "src\Queries\Queries.csproj", "{FADECE62-7FE7-4859-9CCD-F579798480B7}"
EndProject
Project("{FAE04EC0-301F-11D3-BF4B-00C04F79EFBC}") = "Queries.Tests", "test\Queries.Tests\Queries.Tests.csproj", "{89B950E5-99D4-415A-84ED-ECC572432D3A}"
EndProject
Global
	GlobalSection(SolutionConfigurationPlatforms) = preSolution
		Debug|Any CPU = Debug|Any CPU
		Debug|x64 = Debug|x64
		Debug|x86 = Debug|x86
		Release|Any CPU = Release|Any CPU
		Release|x64 = Release|x64
		Release|x86 = Release|x86
	EndGlobalSection
	GlobalSection(SolutionProperties) = preSolution
		HideSolutionNode = FALSE
	EndGlobalSection
	GlobalSection(ProjectConfigurationPlatforms) = postSolution
		{D5672E4C-16BF-4684-B193-4A6F153BC1D5}.Debug|Any CPU.ActiveCfg = Debug|Any CPU
		{D5672E4C-16BF-4684-B193-4A6F153BC1D5}.Debug|Any CPU.Build.0 = Debug|Any CPU
		{D5672E4C-16BF-4684-B193-4A6F153BC1D5}.Debug|x64.ActiveCfg = Debug|Any CPU
		{D5672E4C-16BF-4684-B193-4A6F153BC1D5}.Debug|x64.Build.0 = Debug|Any CPU
		{D5672E4C-16BF-4684-B193-4A6F153BC1D5}.Debug|x86.ActiveCfg = Debug|Any CPU
		{D5672E4C-16BF-4684-B193-4A6F153BC1D5}.Debug|x86.Build.0 = Debug|Any CPU
		{D5672E4C-16BF-4684-B193-4A6F153BC1D5}.Release|Any CPU.ActiveCfg = Release|Any CPU
		{D5672E4C-16BF-4684-B193-4A6F153BC1D5}.Release|Any CPU.Build.0 = Release|Any CPU
		{D5672E4C-16BF-4684-B193-4A6F153BC1D5}.Release|x64.ActiveCfg = Release|Any CPU
		{D5672E4C-16BF-4684-B193-4A6F153BC1D5}.Release|x64.Build.0 = Release|Any CPU
		{D5672E4C-16BF-4684-B193-4A6F153BC1D5}.Release|x86.ActiveCfg = Release|Any CPU
		{D5672E4C-16BF-4684-B193-4A6F153BC1D5}.Release|x86.Build.0 = Release|Any CPU
		{6F751DD0-30F5-4D65-B25B-4FC46B04D6C2}.Debug|Any CPU.ActiveCfg = Debug|Any CPU
		{6F751DD0-30F5-4D65-B25B-4FC46B04D6C2}.Debug|Any CPU.Build.0 = Debug|Any CPU
		{6F751DD0-30F5-4D65-B25B-4FC46B04D6C2}.Debug|x64.ActiveCfg = Debug|Any CPU
		{6F751DD0-30F5-4D65-B25B-4FC46B04D6C2}.Debug|x64.Build.0 = Debug|Any CPU
		{6F751DD0-30F5-4D65-B25B-4FC46B04D6C2}.Debug|x86.ActiveCfg = Debug|Any CPU
		{6F751DD0-30F5-4D65-B25B-4FC46B04D6C2}.Debug|x86.Build.0 = Debug|Any CPU
		{6F751DD0-30F5-4D65-B25B-4FC46B04D6C2}.Release|Any CPU.ActiveCfg = Release|Any CPU
		{6F751DD0-30F5-4D65-B25B-4FC46B04D6C2}.Release|Any CPU.Build.0 = Release|Any CPU
		{6F751DD0-30F5-4D65-B25B-4FC46B04D6C2}.Release|x64.ActiveCfg = Release|Any CPU
		{6F751DD0-30F5-4D65-B25B-4FC46B04D6C2}.Release|x64.Build.0 = Release|Any CPU
		{6F751DD0-30F5-4D65-B25B-4FC46B04D6C2}.Release|x86.ActiveCfg = Release|Any CPU
		{6F751DD0-30F5-4D65-B25B-4FC46B04D6C2}.Release|x86.Build.0 = Release|Any CPU
		{875F056F-72EF-4A47-B746-4C19B421CC40}.Debug|Any CPU.ActiveCfg = Debug|Any CPU
		{875F056F-72EF-4A47-B746-4C19B421CC40}.Debug|Any CPU.Build.0 = Debug|Any CPU
		{875F056F-72EF-4A47-B746-4C19B421CC40}.Debug|x64.ActiveCfg = Debug|Any CPU
		{875F056F-72EF-4A47-B746-4C19B421CC40}.Debug|x64.Build.0 = Debug|Any CPU
		{875F056F-72EF-4A47-B746-4C19B421CC40}.Debug|x86.ActiveCfg = Debug|Any CPU
		{875F056F-72EF-4A47-B746-4C19B421CC40}.Debug|x86.Build.0 = Debug|Any CPU
		{875F056F-72EF-4A47-B746-4C19B421CC40}.Release|Any CPU.ActiveCfg = Release|Any CPU
		{875F056F-72EF-4A47-B746-4C19B421CC40}.Release|Any CPU.Build.0 = Release|Any CPU
		{875F056F-72EF-4A47-B746-4C19B421CC40}.Release|x64.ActiveCfg = Release|Any CPU
		{875F056F-72EF-4A47-B746-4C19B421CC40}.Release|x64.Build.0 = Release|Any CPU
		{875F056F-72EF-4A47-B746-4C19B421CC40}.Release|x86.ActiveCfg = Release|Any CPU
		{875F056F-72EF-4A47-B746-4C19B421CC40}.Release|x86.Build.0 = Release|Any CPU
		{31BA1711-A498-40A6-8EBB-9841DD10C0A5}.Debug|Any CPU.ActiveCfg = Debug|Any CPU
		{31BA1711-A498-40A6-8EBB-9841DD10C0A5}.Debug|Any CPU.Build.0 = Debug|Any CPU
		{31BA1711-A498-40A6-8EBB-9841DD10C0A5}.Debug|x64.ActiveCfg = Debug|Any CPU
		{31BA1711-A498-40A6-8EBB-9841DD10C0A5}.Debug|x64.Build.0 = Debug|Any CPU
		{31BA1711-A498-40A6-8EBB-9841DD10C0A5}.Debug|x86.ActiveCfg = Debug|Any CPU
		{31BA1711-A498-40A6-8EBB-9841DD10C0A5}.Debug|x86.Build.0 = Debug|Any CPU
		{31BA1711-A498-40A6-8EBB-9841DD10C0A5}.Release|Any CPU.ActiveCfg = Release|Any CPU
		{31BA1711-A498-40A6-8EBB-9841DD10C0A5}.Release|Any CPU.Build.0 = Release|Any CPU
		{31BA1711-A498-40A6-8EBB-9841DD10C0A5}.Release|x64.ActiveCfg = Release|Any CPU
		{31BA1711-A498-40A6-8EBB-9841DD10C0A5}.Release|x64.Build.0 = Release|Any CPU
		{31BA1711-A498-40A6-8EBB-9841DD10C0A5}.Release|x86.ActiveCfg = Release|Any CPU
		{31BA1711-A498-40A6-8EBB-9841DD10C0A5}.Release|x86.Build.0 = Release|Any CPU
		{FADECE62-7FE7-4859-9CCD-F579798480B7}.Debug|Any CPU.ActiveCfg = Debug|Any CPU
		{FADECE62-7FE7-4859-9CCD-F579798480B7}.Debug|Any CPU.Build.0 = Debug|Any CPU
		{FADECE62-7FE7-4859-9CCD-F579798480B7}.Debug|x64.ActiveCfg = Debug|Any CPU
		{FADECE62-7FE7-4859-9CCD-F579798480B7}.Debug|x64.Build.0 = Debug|Any CPU
		{FADECE62-7FE7-4859-9CCD-F579798480B7}.Debug|x86.ActiveCfg = Debug|Any CPU
		{FADECE62-7FE7-4859-9CCD-F579798480B7}.Debug|x86.Build.0 = Debug|Any CPU
		{FADECE62-7FE7-4859-9CCD-F579798480B7}.Release|Any CPU.ActiveCfg = Release|Any CPU
		{FADECE62-7FE7-4859-9CCD-F579798480B7}.Release|Any CPU.Build.0 = Release|Any CPU
		{FADECE62-7FE7-4859-9CCD-F579798480B7}.Release|x64.ActiveCfg = Release|Any CPU
		{FADECE62-7FE7-4859-9CCD-F579798480B7}.Release|x64.Build.0 = Release|Any CPU
		{FADECE62-7FE7-4859-9CCD-F579798480B7}.Release|x86.ActiveCfg = Release|Any CPU
		{FADECE62-7FE7-4859-9CCD-F579798480B7}.Release|x86.Build.0 = Release|Any CPU
		{89B950E5-99D4-415A-84ED-ECC572432D3A}.Debug|Any CPU.ActiveCfg = Debug|Any CPU
		{89B950E5-99D4-415A-84ED-ECC572432D3A}.Debug|Any CPU.Build.0 = Debug|Any CPU
		{89B950E5-99D4-415A-84ED-ECC572432D3A}.Debug|x64.ActiveCfg = Debug|Any CPU
		{89B950E5-99D4-415A-84ED-ECC572432D3A}.Debug|x64.Build.0 = Debug|Any CPU
		{89B950E5-99D4-415A-84ED-ECC572432D3A}.Debug|x86.ActiveCfg = Debug|Any CPU
		{89B950E5-99D4-415A-84ED-ECC572432D3A}.Debug|x86.Build.0 = Debug|Any CPU
		{89B950E5-99D4-415A-84ED-ECC572432D3A}.Release|Any CPU.ActiveCfg = Release|Any CPU
		{89B950E5-99D4-415A-84ED-ECC572432D3A}.Release|Any CPU.Build.0 = Release|Any CPU
		{89B950E5-99D4-415A-84ED-ECC572432D3A}.Release|x64.ActiveCfg = Release|Any CPU
		{89B950E5-99D4-415A-84ED-ECC572432D3A}.Release|x64.Build.0 = Release|Any CPU
		{89B950E5-99D4-415A-84ED-ECC572432D3A}.Release|x86.ActiveCfg = Release|Any CPU
		{89B950E5-99D4-415A-84ED-ECC572432D3A}.Release|x86.Build.0 = Release|Any CPU
	EndGlobalSection
	GlobalSection(NestedProjects) = preSolution
		{D5672E4C-16BF-4684-B193-4A6F153BC1D5} = {677D926E-1470-4EB5-8D7E-FE4224DF66A7}
		{6F751DD0-30F5-4D65-B25B-4FC46B04D6C2} = {80DA00D4-FAB0-4E9E-B34D-0345E832B35C}
		{875F056F-72EF-4A47-B746-4C19B421CC40} = {677D926E-1470-4EB5-8D7E-FE4224DF66A7}
		{31BA1711-A498-40A6-8EBB-9841DD10C0A5} = {80DA00D4-FAB0-4E9E-B34D-0345E832B35C}
		{FADECE62-7FE7-4859-9CCD-F579798480B7} = {677D926E-1470-4EB5-8D7E-FE4224DF66A7}
		{89B950E5-99D4-415A-84ED-ECC572432D3A} = {80DA00D4-FAB0-4E9E-B34D-0345E832B35C}
	EndGlobalSection
EndGlobal
