
Microsoft Visual Studio Solution File, Format Version 12.00
# Visual Studio 15
VisualStudioVersion = 15.0.26124.0
MinimumVisualStudioVersion = 15.0.26124.0
Project("{2150E333-8FDC-42A3-9474-1A3956D46DE8}") = "src", "src", "{CC1FF299-3094-49CD-98DD-3436C4761051}"
EndProject
Project("{FAE04EC0-301F-11D3-BF4B-00C04F79EFBC}") = "Tips", "src\Tips\Tips.csproj", "{66F6EE9A-1C04-4EB5-A069-CEAC5DAC5204}"
EndProject
Project("{2150E333-8FDC-42A3-9474-1A3956D46DE8}") = "test", "test", "{2F714602-405D-4FC7-8CE5-39878548700D}"
EndProject
Project("{FAE04EC0-301F-11D3-BF4B-00C04F79EFBC}") = "Tips.Tests", "test\Tips.Tests\Tips.Tests.csproj", "{211B00D6-9DFA-41EB-9C6E-E1BA22331901}"
EndProject
Global
	GlobalSection(SolutionConfigurationPlatforms) = preSolution
		Debug|Any CPU = Debug|Any CPU
		Debug|x64 = Debug|x64
		Debug|x86 = Debug|x86
		Release|Any CPU = Release|Any CPU
		Release|x64 = Release|x64
		Release|x86 = Release|x86
	EndGlobalSection
	GlobalSection(SolutionProperties) = preSolution
		HideSolutionNode = FALSE
	EndGlobalSection
	GlobalSection(ProjectConfigurationPlatforms) = postSolution
		{66F6EE9A-1C04-4EB5-A069-CEAC5DAC5204}.Debug|Any CPU.ActiveCfg = Debug|Any CPU
		{66F6EE9A-1C04-4EB5-A069-CEAC5DAC5204}.Debug|Any CPU.Build.0 = Debug|Any CPU
		{66F6EE9A-1C04-4EB5-A069-CEAC5DAC5204}.Debug|x64.ActiveCfg = Debug|Any CPU
		{66F6EE9A-1C04-4EB5-A069-CEAC5DAC5204}.Debug|x64.Build.0 = Debug|Any CPU
		{66F6EE9A-1C04-4EB5-A069-CEAC5DAC5204}.Debug|x86.ActiveCfg = Debug|Any CPU
		{66F6EE9A-1C04-4EB5-A069-CEAC5DAC5204}.Debug|x86.Build.0 = Debug|Any CPU
		{66F6EE9A-1C04-4EB5-A069-CEAC5DAC5204}.Release|Any CPU.ActiveCfg = Release|Any CPU
		{66F6EE9A-1C04-4EB5-A069-CEAC5DAC5204}.Release|Any CPU.Build.0 = Release|Any CPU
		{66F6EE9A-1C04-4EB5-A069-CEAC5DAC5204}.Release|x64.ActiveCfg = Release|Any CPU
		{66F6EE9A-1C04-4EB5-A069-CEAC5DAC5204}.Release|x64.Build.0 = Release|Any CPU
		{66F6EE9A-1C04-4EB5-A069-CEAC5DAC5204}.Release|x86.ActiveCfg = Release|Any CPU
		{66F6EE9A-1C04-4EB5-A069-CEAC5DAC5204}.Release|x86.Build.0 = Release|Any CPU
		{211B00D6-9DFA-41EB-9C6E-E1BA22331901}.Debug|Any CPU.ActiveCfg = Debug|Any CPU
		{211B00D6-9DFA-41EB-9C6E-E1BA22331901}.Debug|Any CPU.Build.0 = Debug|Any CPU
		{211B00D6-9DFA-41EB-9C6E-E1BA22331901}.Debug|x64.ActiveCfg = Debug|Any CPU
		{211B00D6-9DFA-41EB-9C6E-E1BA22331901}.Debug|x64.Build.0 = Debug|Any CPU
		{211B00D6-9DFA-41EB-9C6E-E1BA22331901}.Debug|x86.ActiveCfg = Debug|Any CPU
		{211B00D6-9DFA-41EB-9C6E-E1BA22331901}.Debug|x86.Build.0 = Debug|Any CPU
		{211B00D6-9DFA-41EB-9C6E-E1BA22331901}.Release|Any CPU.ActiveCfg = Release|Any CPU
		{211B00D6-9DFA-41EB-9C6E-E1BA22331901}.Release|Any CPU.Build.0 = Release|Any CPU
		{211B00D6-9DFA-41EB-9C6E-E1BA22331901}.Release|x64.ActiveCfg = Release|Any CPU
		{211B00D6-9DFA-41EB-9C6E-E1BA22331901}.Release|x64.Build.0 = Release|Any CPU
		{211B00D6-9DFA-41EB-9C6E-E1BA22331901}.Release|x86.ActiveCfg = Release|Any CPU
		{211B00D6-9DFA-41EB-9C6E-E1BA22331901}.Release|x86.Build.0 = Release|Any CPU
	EndGlobalSection
	GlobalSection(NestedProjects) = preSolution
		{66F6EE9A-1C04-4EB5-A069-CEAC5DAC5204} = {CC1FF299-3094-49CD-98DD-3436C4761051}
		{211B00D6-9DFA-41EB-9C6E-E1BA22331901} = {2F714602-405D-4FC7-8CE5-39878548700D}
	EndGlobalSection
EndGlobal
