
Microsoft Visual Studio Solution File, Format Version 12.00
# Visual Studio 15
VisualStudioVersion = 15.0.26124.0
MinimumVisualStudioVersion = 15.0.26124.0
Project("{2150E333-8FDC-42A3-9474-1A3956D46DE8}") = "src", "src", "{957DCDEC-221E-4B77-8347-270AB1F4B807}"
EndProject
Project("{FAE04EC0-301F-11D3-BF4B-00C04F79EFBC}") = "Collect", "src\Collect\Collect.csproj", "{21126BCE-1B5C-431F-9C68-0DB99C48C95C}"
EndProject
Project("{2150E333-8FDC-42A3-9474-1A3956D46DE8}") = "test", "test", "{190B2E95-9D00-4243-A76D-358675844CB8}"
EndProject
Project("{FAE04EC0-301F-11D3-BF4B-00C04F79EFBC}") = "Collect.Tests", "test\Collect.Tests\Collect.Tests.csproj", "{4C7E601F-9F66-4375-9B41-028A576063EC}"
EndProject
Global
	GlobalSection(SolutionConfigurationPlatforms) = preSolution
		Debug|Any CPU = Debug|Any CPU
		Debug|x64 = Debug|x64
		Debug|x86 = Debug|x86
		Release|Any CPU = Release|Any CPU
		Release|x64 = Release|x64
		Release|x86 = Release|x86
	EndGlobalSection
	GlobalSection(SolutionProperties) = preSolution
		HideSolutionNode = FALSE
	EndGlobalSection
	GlobalSection(ProjectConfigurationPlatforms) = postSolution
		{21126BCE-1B5C-431F-9C68-0DB99C48C95C}.Debug|Any CPU.ActiveCfg = Debug|Any CPU
		{21126BCE-1B5C-431F-9C68-0DB99C48C95C}.Debug|Any CPU.Build.0 = Debug|Any CPU
		{21126BCE-1B5C-431F-9C68-0DB99C48C95C}.Debug|x64.ActiveCfg = Debug|Any CPU
		{21126BCE-1B5C-431F-9C68-0DB99C48C95C}.Debug|x64.Build.0 = Debug|Any CPU
		{21126BCE-1B5C-431F-9C68-0DB99C48C95C}.Debug|x86.ActiveCfg = Debug|Any CPU
		{21126BCE-1B5C-431F-9C68-0DB99C48C95C}.Debug|x86.Build.0 = Debug|Any CPU
		{21126BCE-1B5C-431F-9C68-0DB99C48C95C}.Release|Any CPU.ActiveCfg = Release|Any CPU
		{21126BCE-1B5C-431F-9C68-0DB99C48C95C}.Release|Any CPU.Build.0 = Release|Any CPU
		{21126BCE-1B5C-431F-9C68-0DB99C48C95C}.Release|x64.ActiveCfg = Release|Any CPU
		{21126BCE-1B5C-431F-9C68-0DB99C48C95C}.Release|x64.Build.0 = Release|Any CPU
		{21126BCE-1B5C-431F-9C68-0DB99C48C95C}.Release|x86.ActiveCfg = Release|Any CPU
		{21126BCE-1B5C-431F-9C68-0DB99C48C95C}.Release|x86.Build.0 = Release|Any CPU
		{4C7E601F-9F66-4375-9B41-028A576063EC}.Debug|Any CPU.ActiveCfg = Debug|Any CPU
		{4C7E601F-9F66-4375-9B41-028A576063EC}.Debug|Any CPU.Build.0 = Debug|Any CPU
		{4C7E601F-9F66-4375-9B41-028A576063EC}.Debug|x64.ActiveCfg = Debug|Any CPU
		{4C7E601F-9F66-4375-9B41-028A576063EC}.Debug|x64.Build.0 = Debug|Any CPU
		{4C7E601F-9F66-4375-9B41-028A576063EC}.Debug|x86.ActiveCfg = Debug|Any CPU
		{4C7E601F-9F66-4375-9B41-028A576063EC}.Debug|x86.Build.0 = Debug|Any CPU
		{4C7E601F-9F66-4375-9B41-028A576063EC}.Release|Any CPU.ActiveCfg = Release|Any CPU
		{4C7E601F-9F66-4375-9B41-028A576063EC}.Release|Any CPU.Build.0 = Release|Any CPU
		{4C7E601F-9F66-4375-9B41-028A576063EC}.Release|x64.ActiveCfg = Release|Any CPU
		{4C7E601F-9F66-4375-9B41-028A576063EC}.Release|x64.Build.0 = Release|Any CPU
		{4C7E601F-9F66-4375-9B41-028A576063EC}.Release|x86.ActiveCfg = Release|Any CPU
		{4C7E601F-9F66-4375-9B41-028A576063EC}.Release|x86.Build.0 = Release|Any CPU
	EndGlobalSection
	GlobalSection(NestedProjects) = preSolution
		{21126BCE-1B5C-431F-9C68-0DB99C48C95C} = {957DCDEC-221E-4B77-8347-270AB1F4B807}
		{4C7E601F-9F66-4375-9B41-028A576063EC} = {190B2E95-9D00-4243-A76D-358675844CB8}
	EndGlobalSection
EndGlobal
