
Microsoft Visual Studio Solution File, Format Version 12.00
# Visual Studio 15
VisualStudioVersion = 15.0.26124.0
MinimumVisualStudioVersion = 15.0.26124.0
Project("{2150E333-8FDC-42A3-9474-1A3956D46DE8}") = "src", "src", "{94F76300-8AF9-4A56-AA8F-6FE9A055CF87}"
EndProject
Project("{FAE04EC0-301F-11D3-BF4B-00C04F79EFBC}") = "ReflectIt", ".\src\ReflectIt\ReflectIt.csproj", "{E6D40398-8231-4BFE-B9F7-DCDBF03690CE}"
EndProject
Project("{2150E333-8FDC-42A3-9474-1A3956D46DE8}") = "test", "test", "{8A041DA5-3D40-4725-ADA3-42491B10E06B}"
EndProject
Project("{FAE04EC0-301F-11D3-BF4B-00C04F79EFBC}") = "ReflectIt.Tests", ".\test\ReflectIt.Tests\ReflectIt.Tests.csproj", "{B1FC1019-AF8A-46F6-A575-8D20A2A3A315}"
EndProject
Global
	GlobalSection(SolutionConfigurationPlatforms) = preSolution
		Debug|Any CPU = Debug|Any CPU
		Debug|x64 = Debug|x64
		Debug|x86 = Debug|x86
		Release|Any CPU = Release|Any CPU
		Release|x64 = Release|x64
		Release|x86 = Release|x86
	EndGlobalSection
	GlobalSection(SolutionProperties) = preSolution
		HideSolutionNode = FALSE
	EndGlobalSection
	GlobalSection(ProjectConfigurationPlatforms) = postSolution
		{E6D40398-8231-4BFE-B9F7-DCDBF03690CE}.Debug|Any CPU.ActiveCfg = Debug|Any CPU
		{E6D40398-8231-4BFE-B9F7-DCDBF03690CE}.Debug|Any CPU.Build.0 = Debug|Any CPU
		{E6D40398-8231-4BFE-B9F7-DCDBF03690CE}.Debug|x64.ActiveCfg = Debug|Any CPU
		{E6D40398-8231-4BFE-B9F7-DCDBF03690CE}.Debug|x64.Build.0 = Debug|Any CPU
		{E6D40398-8231-4BFE-B9F7-DCDBF03690CE}.Debug|x86.ActiveCfg = Debug|Any CPU
		{E6D40398-8231-4BFE-B9F7-DCDBF03690CE}.Debug|x86.Build.0 = Debug|Any CPU
		{E6D40398-8231-4BFE-B9F7-DCDBF03690CE}.Release|Any CPU.ActiveCfg = Release|Any CPU
		{E6D40398-8231-4BFE-B9F7-DCDBF03690CE}.Release|Any CPU.Build.0 = Release|Any CPU
		{E6D40398-8231-4BFE-B9F7-DCDBF03690CE}.Release|x64.ActiveCfg = Release|Any CPU
		{E6D40398-8231-4BFE-B9F7-DCDBF03690CE}.Release|x64.Build.0 = Release|Any CPU
		{E6D40398-8231-4BFE-B9F7-DCDBF03690CE}.Release|x86.ActiveCfg = Release|Any CPU
		{E6D40398-8231-4BFE-B9F7-DCDBF03690CE}.Release|x86.Build.0 = Release|Any CPU
		{B1FC1019-AF8A-46F6-A575-8D20A2A3A315}.Debug|Any CPU.ActiveCfg = Debug|Any CPU
		{B1FC1019-AF8A-46F6-A575-8D20A2A3A315}.Debug|Any CPU.Build.0 = Debug|Any CPU
		{B1FC1019-AF8A-46F6-A575-8D20A2A3A315}.Debug|x64.ActiveCfg = Debug|Any CPU
		{B1FC1019-AF8A-46F6-A575-8D20A2A3A315}.Debug|x64.Build.0 = Debug|Any CPU
		{B1FC1019-AF8A-46F6-A575-8D20A2A3A315}.Debug|x86.ActiveCfg = Debug|Any CPU
		{B1FC1019-AF8A-46F6-A575-8D20A2A3A315}.Debug|x86.Build.0 = Debug|Any CPU
		{B1FC1019-AF8A-46F6-A575-8D20A2A3A315}.Release|Any CPU.ActiveCfg = Release|Any CPU
		{B1FC1019-AF8A-46F6-A575-8D20A2A3A315}.Release|Any CPU.Build.0 = Release|Any CPU
		{B1FC1019-AF8A-46F6-A575-8D20A2A3A315}.Release|x64.ActiveCfg = Release|Any CPU
		{B1FC1019-AF8A-46F6-A575-8D20A2A3A315}.Release|x64.Build.0 = Release|Any CPU
		{B1FC1019-AF8A-46F6-A575-8D20A2A3A315}.Release|x86.ActiveCfg = Release|Any CPU
		{B1FC1019-AF8A-46F6-A575-8D20A2A3A315}.Release|x86.Build.0 = Release|Any CPU
	EndGlobalSection
	GlobalSection(NestedProjects) = preSolution
		{E6D40398-8231-4BFE-B9F7-DCDBF03690CE} = {94F76300-8AF9-4A56-AA8F-6FE9A055CF87}
		{B1FC1019-AF8A-46F6-A575-8D20A2A3A315} = {8A041DA5-3D40-4725-ADA3-42491B10E06B}
	EndGlobalSection
EndGlobal
